{
  "version": 4,
  "terraform_version": "1.8.0",
  "serial": 27,
  "lineage": "286d01f1-4097-0455-380c-147f528a8668",
  "outputs": {
    "external_ip_address_vm_1": {
      "value": "51.250.5.54",
      "type": "string"
    },
    "internal_ip_address_vm_1": {
      "value": "10.128.0.16",
      "type": "string"
    }
  },
  "resources": [
    {
      "mode": "managed",
      "type": "yandex_compute_disk",
      "name": "test",
      "provider": "provider[\"registry.terraform.io/yandex-cloud/yandex\"]",
      "instances": [
        {
          "schema_version": 0,
          "attributes": {
            "allow_recreate": null,
            "block_size": 4096,
            "created_at": "2024-03-18T12:28:47Z",
            "description": "",
            "disk_placement_policy": [
              {
                "disk_placement_group_id": ""
              }
            ],
            "folder_id": "b1g6epuafplhu831ge1h",
            "id": "fhmshj186d4vogqdnmua",
            "image_id": "fd8ba9d5mfvlncknt2kd",
            "labels": {
              "environment": "test"
            },
            "name": "test",
            "product_ids": [
              "f2esogi2vuuuj6uia832"
            ],
            "size": 150,
            "snapshot_id": "",
            "status": "ready",
            "timeouts": null,
            "type": "network-hdd",
            "zone": "ru-central1-a"
          },
          "sensitive_attributes": [],
          "private": "eyJlMmJmYjczMC1lY2FhLTExZTYtOGY4OC0zNDM2M2JjN2M0YzAiOnsiY3JlYXRlIjozMDAwMDAwMDAwMDAsImRlbGV0ZSI6MzAwMDAwMDAwMDAwLCJ1cGRhdGUiOjMwMDAwMDAwMDAwMH19"
        }
      ]
    },
    {
      "mode": "managed",
      "type": "yandex_compute_instance",
      "name": "vm-1",
      "provider": "provider[\"registry.terraform.io/yandex-cloud/yandex\"]",
      "instances": [
        {
          "schema_version": 1,
          "attributes": {
            "allow_recreate": null,
            "allow_stopping_for_update": null,
            "boot_disk": [
              {
                "auto_delete": true,
                "device_name": "fhmshj186d4vogqdnmua",
                "disk_id": "fhmshj186d4vogqdnmua",
                "initialize_params": [
                  {
                    "block_size": 4096,
                    "description": "",
                    "image_id": "fd8ba9d5mfvlncknt2kd",
                    "name": "test",
                    "size": 150,
                    "snapshot_id": "",
                    "type": "network-hdd"
                  }
                ],
                "mode": "READ_WRITE"
              }
            ],
            "created_at": "2024-03-18T12:28:59Z",
            "description": "",
            "filesystem": [],
            "folder_id": "b1g6epuafplhu831ge1h",
            "fqdn": "terraform1.ru-central1.internal",
            "gpu_cluster_id": "",
            "hostname": "terraform1",
            "id": "fhm7mm6hs1l7j1ojvf3i",
            "labels": null,
            "local_disk": [],
            "maintenance_grace_period": "",
            "maintenance_policy": null,
            "metadata": {
              "user-data": "#cloud-config\nusers:\n  - name: user\n    groups: sudo\n    shell: /bin/bash\n    passwords: [\"24071981\"] \n    sudo: ['ALL=(ALL) NOPASSWD:ALL']\n    ssh_authorized_keys:\n      - ssh-rsa AAAAB3NzaC1yc2EAAAADAQABAAABgQClCd7uJAKcMDYtBytJlr+M/J5O1FgeZtBMpmyDtFSJAk4wAsBYXB59XC47aaTNdhdugN2wX30pVUcTjXWspAFlPYAwOGs3OSWmPn9UPHpYhQ/uSaOBtfV7ESlTEi5BC8tfvByM61y4vqhphjS4/gNUW3v8diIQTSZblYbGxjHGrrl/qDx+W8h5F1ulDbTiIN5uwi1uoyDFQSrcL+hUTyFg74oz8jAMlgo2ptRaex0daSXePbbZh9wyemMWIVBH902GnUTzMrV1/jLJBCypOm722bCtlB2ZH6JFlCC5ypAZwQ/+mah58lytsO5rWbYUt9201IOE8zsv5hbcdT4FL08lMTMdek5FoFbK0eg7tQHstuvAELSjBnECNkUta2QAsQexpgwa6eYPurKbQfTQvnE1Mdj5dP7+lxYBaQzYq46/nxhM7kXgq9bCXcJsFj0Ni4q802ashl+J9OhAt7uopaD2kDvJl7Xed3++5ik/RBucuI2HBpPD6d6+x8sbe0aQX+k="
            },
            "metadata_options": [
              {
                "aws_v1_http_endpoint": 1,
                "aws_v1_http_token": 2,
                "gce_http_endpoint": 1,
                "gce_http_token": 1
              }
            ],
            "name": "terraform1",
            "network_acceleration_type": "standard",
            "network_interface": [
              {
                "dns_record": [],
                "index": 0,
                "ip_address": "10.128.0.16",
                "ipv4": true,
                "ipv6": false,
                "ipv6_address": "",
                "ipv6_dns_record": [],
                "mac_address": "d0:0d:7b:58:d1:e0",
                "nat": true,
                "nat_dns_record": [],
                "nat_ip_address": "51.250.5.54",
                "nat_ip_version": "IPV4",
                "security_group_ids": [],
                "subnet_id": "e9bkc41h7lmal6c9tr29"
              }
            ],
            "placement_policy": [
              {
                "host_affinity_rules": [],
                "placement_group_id": "",
                "placement_group_partition": 0
              }
            ],
            "platform_id": "standard-v1",
            "resources": [
              {
                "core_fraction": 20,
                "cores": 2,
                "gpus": 0,
                "memory": 2
              }
            ],
            "scheduling_policy": [
              {
                "preemptible": true
              }
            ],
            "secondary_disk": [],
            "service_account_id": "",
            "status": "running",
            "timeouts": null,
            "zone": "ru-central1-a"
          },
          "sensitive_attributes": [],
          "private": "eyJlMmJmYjczMC1lY2FhLTExZTYtOGY4OC0zNDM2M2JjN2M0YzAiOnsiY3JlYXRlIjozMDAwMDAwMDAwMDAsImRlbGV0ZSI6MzAwMDAwMDAwMDAwLCJ1cGRhdGUiOjMwMDAwMDAwMDAwMH0sInNjaGVtYV92ZXJzaW9uIjoiMSJ9",
          "dependencies": [
            "yandex_compute_disk.test"
          ]
        }
      ]
    },
    {
      "mode": "managed",
      "type": "yandex_vpc_address",
      "name": "addr",
      "provider": "provider[\"registry.terraform.io/yandex-cloud/yandex\"]",
      "instances": [
        {
          "schema_version": 0,
          "attributes": {
            "created_at": "2024-03-18T12:28:48Z",
            "deletion_protection": false,
            "description": "",
            "external_ipv4_address": [
              {
                "address": "178.154.227.67",
                "ddos_protection_provider": "",
                "outgoing_smtp_capability": "",
                "zone_id": "ru-central1-a"
              }
            ],
            "folder_id": "b1g6epuafplhu831ge1h",
            "id": "e9b9p5e8in89kctuaomn",
            "labels": {},
            "name": "vm-adress",
            "reserved": true,
            "timeouts": null,
            "used": false
          },
          "sensitive_attributes": [],
          "private": "eyJlMmJmYjczMC1lY2FhLTExZTYtOGY4OC0zNDM2M2JjN2M0YzAiOnsiY3JlYXRlIjozMDAwMDAwMDAwMCwiZGVsZXRlIjozMDAwMDAwMDAwMCwidXBkYXRlIjozMDAwMDAwMDAwMH19"
        }
      ]
    }
  ],
  "check_results": null
}
